{
    "name": "browser",
    "version": "1.0.0",
    "lockfileVersion": 2,
    "requires": true,
    "packages": {
        "": {
            "name": "browser",
            "version": "1.0.0",
            "license": "GPL-3.0",
            "dependencies": {
                "playwright": "^1.29.0"
            }
        },
        "node_modules/playwright": {
            "version": "1.29.0",
            "resolved": "https://registry.npmjs.org/playwright/-/playwright-1.29.0.tgz",
            "integrity": "sha512-vtXgX3FPNcAJq1QoIVCvmiHHKOLVTZkSYEo60n+EnX5MrNznAJzGquxT8c2sv+BG3CDyLeKm351e491HnF7yjw==",
            "hasInstallScript": true,
            "dependencies": {
                "playwright-core": "1.29.0"
            },
            "bin": {
                "playwright": "cli.js"
            },
            "engines": {
                "node": ">=14"
            }
        },
        "node_modules/playwright-core": {
            "version": "1.29.0",
            "resolved": "https://registry.npmjs.org/playwright-core/-/playwright-core-1.29.0.tgz",
            "integrity": "sha512-pboOm1m0RD6z1GtwAbEH60PYRfF87vKdzOSRw2RyO0Y0a7utrMyWN2Au1ojGvQr4umuBMODkKTv607YIRypDSQ==",
            "bin": {
                "playwright": "cli.js"
            },
            "engines": {
                "node": ">=14"
            }
        }
    },
    "dependencies": {
        "playwright": {
            "version": "1.29.0",
            "resolved": "https://registry.npmjs.org/playwright/-/playwright-1.29.0.tgz",
            "integrity": "sha512-vtXgX3FPNcAJq1QoIVCvmiHHKOLVTZkSYEo60n+EnX5MrNznAJzGquxT8c2sv+BG3CDyLeKm351e491HnF7yjw==",
            "requires": {
                "playwright-core": "1.29.0"
            }
        },
        "playwright-core": {
            "version": "1.29.0",
            "resolved": "https://registry.npmjs.org/playwright-core/-/playwright-core-1.29.0.tgz",
            "integrity": "sha512-pboOm1m0RD6z1GtwAbEH60PYRfF87vKdzOSRw2RyO0Y0a7utrMyWN2Au1ojGvQr4umuBMODkKTv607YIRypDSQ=="
        }
    }
}
